
Microsoft Visual Studio Solution File, Format Version 12.00
# Visual Studio Version 16
VisualStudioVersion = 16.0.31911.196
MinimumVisualStudioVersion = 10.0.40219.1
Project("{2150E333-8FDC-42A3-9474-1A3956D46DE8}") = "Services", "Services", "{581ABF81-40F0-4F62-9B13-2BA86E37EBDE}"
EndProject
Project("{2150E333-8FDC-42A3-9474-1A3956D46DE8}") = "Catalog", "Catalog", "{4A585DC6-1761-486E-9F3A-DE88DFB5FA9B}"
EndProject
Project("{9A19103F-16F7-4668-BE54-9A1E7A4F7556}") = "Catalog.API", "Services\Catalog\Catalog.API\Catalog.API.csproj", "{662AA34B-1FC4-4A24-B202-1B3CAAEA90B5}"
EndProject
Project("{E53339B2-1760-4266-BCC7-CA923CBCF16C}") = "docker-compose", "docker-compose.dcproj", "{29A01FD9-3776-4AD6-95BF-4FA7EA441A70}"
EndProject
Project("{2150E333-8FDC-42A3-9474-1A3956D46DE8}") = "Basket", "Basket", "{EA99A844-2173-4BAA-A558-B95D489F8BDD}"
EndProject
Project("{FAE04EC0-301F-11D3-BF4B-00C04F79EFBC}") = "Basket.API", "Services\Basket\Basket.API\Basket.API.csproj", "{9757AD17-18A8-4C43-80C5-5F0163B80BBE}"
EndProject
Project("{2150E333-8FDC-42A3-9474-1A3956D46DE8}") = "Discount", "Discount", "{1635AEBF-CE0D-424B-B5EE-1C0BA9B64805}"
EndProject
Project("{FAE04EC0-301F-11D3-BF4B-00C04F79EFBC}") = "Discount.API", "Services\Discount\Discount.API\Discount.API.csproj", "{61852316-CB69-4C65-8172-D2A9F2513861}"
EndProject
Global
	GlobalSection(SolutionConfigurationPlatforms) = preSolution
		Debug|Any CPU = Debug|Any CPU
		Release|Any CPU = Release|Any CPU
	EndGlobalSection
	GlobalSection(ProjectConfigurationPlatforms) = postSolution
		{662AA34B-1FC4-4A24-B202-1B3CAAEA90B5}.Debug|Any CPU.ActiveCfg = Debug|Any CPU
		{662AA34B-1FC4-4A24-B202-1B3CAAEA90B5}.Debug|Any CPU.Build.0 = Debug|Any CPU
		{662AA34B-1FC4-4A24-B202-1B3CAAEA90B5}.Release|Any CPU.ActiveCfg = Release|Any CPU
		{662AA34B-1FC4-4A24-B202-1B3CAAEA90B5}.Release|Any CPU.Build.0 = Release|Any CPU
		{29A01FD9-3776-4AD6-95BF-4FA7EA441A70}.Debug|Any CPU.ActiveCfg = Debug|Any CPU
		{29A01FD9-3776-4AD6-95BF-4FA7EA441A70}.Debug|Any CPU.Build.0 = Debug|Any CPU
		{29A01FD9-3776-4AD6-95BF-4FA7EA441A70}.Release|Any CPU.ActiveCfg = Release|Any CPU
		{29A01FD9-3776-4AD6-95BF-4FA7EA441A70}.Release|Any CPU.Build.0 = Release|Any CPU
		{9757AD17-18A8-4C43-80C5-5F0163B80BBE}.Debug|Any CPU.ActiveCfg = Debug|Any CPU
		{9757AD17-18A8-4C43-80C5-5F0163B80BBE}.Debug|Any CPU.Build.0 = Debug|Any CPU
		{9757AD17-18A8-4C43-80C5-5F0163B80BBE}.Release|Any CPU.ActiveCfg = Release|Any CPU
		{9757AD17-18A8-4C43-80C5-5F0163B80BBE}.Release|Any CPU.Build.0 = Release|Any CPU
		{61852316-CB69-4C65-8172-D2A9F2513861}.Debug|Any CPU.ActiveCfg = Debug|Any CPU
		{61852316-CB69-4C65-8172-D2A9F2513861}.Debug|Any CPU.Build.0 = Debug|Any CPU
		{61852316-CB69-4C65-8172-D2A9F2513861}.Release|Any CPU.ActiveCfg = Release|Any CPU
		{61852316-CB69-4C65-8172-D2A9F2513861}.Release|Any CPU.Build.0 = Release|Any CPU
	EndGlobalSection
	GlobalSection(SolutionProperties) = preSolution
		HideSolutionNode = FALSE
	EndGlobalSection
	GlobalSection(NestedProjects) = preSolution
		{4A585DC6-1761-486E-9F3A-DE88DFB5FA9B} = {581ABF81-40F0-4F62-9B13-2BA86E37EBDE}
		{662AA34B-1FC4-4A24-B202-1B3CAAEA90B5} = {4A585DC6-1761-486E-9F3A-DE88DFB5FA9B}
		{EA99A844-2173-4BAA-A558-B95D489F8BDD} = {581ABF81-40F0-4F62-9B13-2BA86E37EBDE}
		{9757AD17-18A8-4C43-80C5-5F0163B80BBE} = {EA99A844-2173-4BAA-A558-B95D489F8BDD}
		{1635AEBF-CE0D-424B-B5EE-1C0BA9B64805} = {581ABF81-40F0-4F62-9B13-2BA86E37EBDE}
		{61852316-CB69-4C65-8172-D2A9F2513861} = {1635AEBF-CE0D-424B-B5EE-1C0BA9B64805}
	EndGlobalSection
	GlobalSection(ExtensibilityGlobals) = postSolution
		SolutionGuid = {E9A1AAAB-C14D-4D33-990C-A4D54539F0F4}
	EndGlobalSection
EndGlobal
